
Microsoft Visual Studio Solution File, Format Version 12.00
# Visual Studio Version 16
VisualStudioVersion = 16.0.30907.101
MinimumVisualStudioVersion = 10.0.40219.1
Project("{FAE04EC0-301F-11D3-BF4B-00C04F79EFBC}") = "NasaUIConsole", "NasaUIConsole\NasaUIConsole.csproj", "{A11EB089-403E-42B3-AF6C-719CEE61CA4B}"
EndProject
Global
	GlobalSection(SolutionConfigurationPlatforms) = preSolution
		Debug|Any CPU = Debug|Any CPU
		Release|Any CPU = Release|Any CPU
	EndGlobalSection
	GlobalSection(ProjectConfigurationPlatforms) = postSolution
		{A11EB089-403E-42B3-AF6C-719CEE61CA4B}.Debug|Any CPU.ActiveCfg = Debug|Any CPU
		{A11EB089-403E-42B3-AF6C-719CEE61CA4B}.Debug|Any CPU.Build.0 = Debug|Any CPU
		{A11EB089-403E-42B3-AF6C-719CEE61CA4B}.Release|Any CPU.ActiveCfg = Release|Any CPU
		{A11EB089-403E-42B3-AF6C-719CEE61CA4B}.Release|Any CPU.Build.0 = Release|Any CPU
	EndGlobalSection
	GlobalSection(SolutionProperties) = preSolution
		HideSolutionNode = FALSE
	EndGlobalSection
	GlobalSection(ExtensibilityGlobals) = postSolution
		SolutionGuid = {3FA6B020-08E9-4ABE-8F77-9ECEB76696B7}
	EndGlobalSection
EndGlobal
